// !$*UTF8*$!
{
	archiveVersion = 1;
	classes = {
	};
	objectVersion = 46;
	objects = {

/* Begin PBXBuildFile section */
		C2D412751DA8187800570191 /* AppDelegate.swift in Sources */ = {isa = PBXBuildFile; fileRef = C2D412741DA8187800570191 /* AppDelegate.swift */; };
		C2D412771DA8187800570191 /* ViewController.swift in Sources */ = {isa = PBXBuildFile; fileRef = C2D412761DA8187800570191 /* ViewController.swift */; };
		C2D4127A1DA8187800570191 /* Main.storyboard in Resources */ = {isa = PBXBuildFile; fileRef = C2D412781DA8187800570191 /* Main.storyboard */; };
		C2D4127C1DA8187800570191 /* Assets.xcassets in Resources */ = {isa = PBXBuildFile; fileRef = C2D4127B1DA8187800570191 /* Assets.xcassets */; };
		C2D4127F1DA8187800570191 /* LaunchScreen.storyboard in Resources */ = {isa = PBXBuildFile; fileRef = C2D4127D1DA8187800570191 /* LaunchScreen.storyboard */; };
		C2D4128D1DA8200700570191 /* KeyboardViewController.swift in Sources */ = {isa = PBXBuildFile; fileRef = C2D4128C1DA8200700570191 /* KeyboardViewController.swift */; };
		C2D412911DA8200700570191 /* MyKeyboard.appex in Embed App Extensions */ = {isa = PBXBuildFile; fileRef = C2D4128A1DA8200700570191 /* MyKeyboard.appex */; settings = {ATTRIBUTES = (RemoveHeadersOnCopy, ); }; };
		C2D412981DA8656E00570191 /* ForceTouchGestureRecognizer.swift in Sources */ = {isa = PBXBuildFile; fileRef = C2D412971DA8656E00570191 /* ForceTouchGestureRecognizer.swift */; };
/* End PBXBuildFile section */

/* Begin PBXContainerItemProxy section */
		C2D4128F1DA8200700570191 /* PBXContainerItemProxy */ = {
			isa = PBXContainerItemProxy;
			containerPortal = C2D412691DA8187700570191 /* Project object */;
			proxyType = 1;
			remoteGlobalIDString = C2D412891DA8200700570191;
			remoteInfo = MyKeyboard;
		};
/* End PBXContainerItemProxy section */

/* Begin PBXCopyFilesBuildPhase section */
		C2D412951DA8200700570191 /* Embed App Extensions */ = {
			isa = PBXCopyFilesBuildPhase;
			buildActionMask = 2147483647;
			dstPath = "";
			dstSubfolderSpec = 13;
			files = (
				C2D412911DA8200700570191 /* MyKeyboard.appex in Embed App Extensions */,
			);
			name = "Embed App Extensions";
			runOnlyForDeploymentPostprocessing = 0;
		};
/* End PBXCopyFilesBuildPhase section */

/* Begin PBXFileReference section */
		C2D412711DA8187800570191 /* MyCustomKeyboard.app */ = {isa = PBXFileReference; explicitFileType = wrapper.application; includeInIndex = 0; path = MyCustomKeyboard.app; sourceTree = BUILT_PRODUCTS_DIR; };
		C2D412741DA8187800570191 /* AppDelegate.swift */ = {isa = PBXFileReference; lastKnownFileType = sourcecode.swift; path = AppDelegate.swift; sourceTree = "<group>"; };
		C2D412761DA8187800570191 /* ViewController.swift */ = {isa = PBXFileReference; lastKnownFileType = sourcecode.swift; path = ViewController.swift; sourceTree = "<group>"; };
		C2D412791DA8187800570191 /* Base */ = {isa = PBXFileReference; lastKnownFileType = file.storyboard; name = Base; path = Base.lproj/Main.storyboard; sourceTree = "<group>"; };
		C2D4127B1DA8187800570191 /* Assets.xcassets */ = {isa = PBXFileReference; lastKnownFileType = folder.assetcatalog; path = Assets.xcassets; sourceTree = "<group>"; };
		C2D4127E1DA8187800570191 /* Base */ = {isa = PBXFileReference; lastKnownFileType = file.storyboard; name = Base; path = Base.lproj/LaunchScreen.storyboard; sourceTree = "<group>"; };
		C2D412801DA8187800570191 /* Info.plist */ = {isa = PBXFileReference; lastKnownFileType = text.plist.xml; path = Info.plist; sourceTree = "<group>"; };
		C2D4128A1DA8200700570191 /* MyKeyboard.appex */ = {isa = PBXFileReference; explicitFileType = "wrapper.app-extension"; includeInIndex = 0; path = MyKeyboard.appex; sourceTree = BUILT_PRODUCTS_DIR; };
		C2D4128C1DA8200700570191 /* KeyboardViewController.swift */ = {isa = PBXFileReference; lastKnownFileType = sourcecode.swift; path = KeyboardViewController.swift; sourceTree = "<group>"; };
		C2D4128E1DA8200700570191 /* Info.plist */ = {isa = PBXFileReference; lastKnownFileType = text.plist.xml; path = Info.plist; sourceTree = "<group>"; };
		C2D412971DA8656E00570191 /* ForceTouchGestureRecognizer.swift */ = {isa = PBXFileReference; fileEncoding = 4; lastKnownFileType = sourcecode.swift; path = ForceTouchGestureRecognizer.swift; sourceTree = "<group>"; };
/* End PBXFileReference section */

/* Begin PBXFrameworksBuildPhase section */
		C2D4126E1DA8187700570191 /* Frameworks */ = {
			isa = PBXFrameworksBuildPhase;
			buildActionMask = 2147483647;
			files = (
			);
			runOnlyForDeploymentPostprocessing = 0;
		};
		C2D412871DA8200700570191 /* Frameworks */ = {
			isa = PBXFrameworksBuildPhase;
			buildActionMask = 2147483647;
			files = (
			);
			runOnlyForDeploymentPostprocessing = 0;
		};
/* End PBXFrameworksBuildPhase section */

/* Begin PBXGroup section */
		C2D412681DA8187700570191 = {
			isa = PBXGroup;
			children = (
				C2D412731DA8187800570191 /* MyCustomKeyboard */,
				C2D4128B1DA8200700570191 /* MyKeyboard */,
				C2D412721DA8187800570191 /* Products */,
			);
			sourceTree = "<group>";
		};
		C2D412721DA8187800570191 /* Products */ = {
			isa = PBXGroup;
			children = (
				C2D412711DA8187800570191 /* MyCustomKeyboard.app */,
				C2D4128A1DA8200700570191 /* MyKeyboard.appex */,
			);
			name = Products;
			sourceTree = "<group>";
		};
		C2D412731DA8187800570191 /* MyCustomKeyboard */ = {
			isa = PBXGroup;
			children = (
				C2D412741DA8187800570191 /* AppDelegate.swift */,
				C2D412761DA8187800570191 /* ViewController.swift */,
				C2D412781DA8187800570191 /* Main.storyboard */,
				C2D4127B1DA8187800570191 /* Assets.xcassets */,
				C2D4127D1DA8187800570191 /* LaunchScreen.storyboard */,
				C2D412801DA8187800570191 /* Info.plist */,
			);
			path = MyCustomKeyboard;
			sourceTree = "<group>";
		};
		C2D4128B1DA8200700570191 /* MyKeyboard */ = {
			isa = PBXGroup;
			children = (
				C2D4128C1DA8200700570191 /* KeyboardViewController.swift */,
				C2D4128E1DA8200700570191 /* Info.plist */,
				C2D412971DA8656E00570191 /* ForceTouchGestureRecognizer.swift */,
			);
			path = MyKeyboard;
			sourceTree = "<group>";
		};
/* End PBXGroup section */

/* Begin PBXNativeTarget section */
		C2D412701DA8187700570191 /* MyCustomKeyboard */ = {
			isa = PBXNativeTarget;
			buildConfigurationList = C2D412831DA8187800570191 /* Build configuration list for PBXNativeTarget "MyCustomKeyboard" */;
			buildPhases = (
				C2D4126D1DA8187700570191 /* Sources */,
				C2D4126E1DA8187700570191 /* Frameworks */,
				C2D4126F1DA8187700570191 /* Resources */,
				C2D412951DA8200700570191 /* Embed App Extensions */,
			);
			buildRules = (
			);
			dependencies = (
				C2D412901DA8200700570191 /* PBXTargetDependency */,
			);
			name = MyCustomKeyboard;
			productName = MyCustomKeyboard;
			productReference = C2D412711DA8187800570191 /* MyCustomKeyboard.app */;
			productType = "com.apple.product-type.application";
		};
		C2D412891DA8200700570191 /* MyKeyboard */ = {
			isa = PBXNativeTarget;
			buildConfigurationList = C2D412921DA8200700570191 /* Build configuration list for PBXNativeTarget "MyKeyboard" */;
			buildPhases = (
				C2D412861DA8200700570191 /* Sources */,
				C2D412871DA8200700570191 /* Frameworks */,
				C2D412881DA8200700570191 /* Resources */,
			);
			buildRules = (
			);
			dependencies = (
			);
			name = MyKeyboard;
			productName = MyKeyboard;
			productReference = C2D4128A1DA8200700570191 /* MyKeyboard.appex */;
			productType = "com.apple.product-type.app-extension";
		};
/* End PBXNativeTarget section */

/* Begin PBXProject section */
		C2D412691DA8187700570191 /* Project object */ = {
			isa = PBXProject;
			attributes = {
				LastSwiftUpdateCheck = 0800;
				LastUpgradeCheck = 0800;
				ORGANIZATIONNAME = exygy;
				TargetAttributes = {
					C2D412701DA8187700570191 = {
						CreatedOnToolsVersion = 8.0;
						DevelopmentTeam = B3P48T2JW7;
						ProvisioningStyle = Automatic;
					};
					C2D412891DA8200700570191 = {
						CreatedOnToolsVersion = 8.0;
						DevelopmentTeam = B3P48T2JW7;
						ProvisioningStyle = Automatic;
					};
				};
			};
			buildConfigurationList = C2D4126C1DA8187700570191 /* Build configuration list for PBXProject "MyCustomKeyboard" */;
			compatibilityVersion = "Xcode 3.2";
			developmentRegion = English;
			hasScannedForEncodings = 0;
			knownRegions = (
				en,
				Base,
			);
			mainGroup = C2D412681DA8187700570191;
			productRefGroup = C2D412721DA8187800570191 /* Products */;
			projectDirPath = "";
			projectRoot = "";
			targets = (
				C2D412701DA8187700570191 /* MyCustomKeyboard */,
				C2D412891DA8200700570191 /* MyKeyboard */,
			);
		};
/* End PBXProject section */

/* Begin PBXResourcesBuildPhase section */
		C2D4126F1DA8187700570191 /* Resources */ = {
			isa = PBXResourcesBuildPhase;
			buildActionMask = 2147483647;
			files = (
				C2D4127F1DA8187800570191 /* LaunchScreen.storyboard in Resources */,
				C2D4127C1DA8187800570191 /* Assets.xcassets in Resources */,
				C2D4127A1DA8187800570191 /* Main.storyboard in Resources */,
			);
			runOnlyForDeploymentPostprocessing = 0;
		};
		C2D412881DA8200700570191 /* Resources */ = {
			isa = PBXResourcesBuildPhase;
			buildActionMask = 2147483647;
			files = (
			);
			runOnlyForDeploymentPostprocessing = 0;
		};
/* End PBXResourcesBuildPhase section */

/* Begin PBXSourcesBuildPhase section */
		C2D4126D1DA8187700570191 /* Sources */ = {
			isa = PBXSourcesBuildPhase;
			buildActionMask = 2147483647;
			files = (
				C2D412771DA8187800570191 /* ViewController.swift in Sources */,
				C2D412751DA8187800570191 /* AppDelegate.swift in Sources */,
			);
			runOnlyForDeploymentPostprocessing = 0;
		};
		C2D412861DA8200700570191 /* Sources */ = {
			isa = PBXSourcesBuildPhase;
			buildActionMask = 2147483647;
			files = (
				C2D4128D1DA8200700570191 /* KeyboardViewController.swift in Sources */,
				C2D412981DA8656E00570191 /* ForceTouchGestureRecognizer.swift in Sources */,
			);
			runOnlyForDeploymentPostprocessing = 0;
		};
/* End PBXSourcesBuildPhase section */

/* Begin PBXTargetDependency section */
		C2D412901DA8200700570191 /* PBXTargetDependency */ = {
			isa = PBXTargetDependency;
			target = C2D412891DA8200700570191 /* MyKeyboard */;
			targetProxy = C2D4128F1DA8200700570191 /* PBXContainerItemProxy */;
		};
/* End PBXTargetDependency section */

/* Begin PBXVariantGroup section */
		C2D412781DA8187800570191 /* Main.storyboard */ = {
			isa = PBXVariantGroup;
			children = (
				C2D412791DA8187800570191 /* Base */,
			);
			name = Main.storyboard;
			sourceTree = "<group>";
		};
		C2D4127D1DA8187800570191 /* LaunchScreen.storyboard */ = {
			isa = PBXVariantGroup;
			children = (
				C2D4127E1DA8187800570191 /* Base */,
			);
			name = LaunchScreen.storyboard;
			sourceTree = "<group>";
		};
/* End PBXVariantGroup section */

/* Begin XCBuildConfiguration section */
		C2D412811DA8187800570191 /* Debug */ = {
			isa = XCBuildConfiguration;
			buildSettings = {
				ALWAYS_SEARCH_USER_PATHS = NO;
				CLANG_ANALYZER_NONNULL = YES;
				CLANG_CXX_LANGUAGE_STANDARD = "gnu++0x";
				CLANG_CXX_LIBRARY = "libc++";
				CLANG_ENABLE_MODULES = YES;
				CLANG_ENABLE_OBJC_ARC = YES;
				CLANG_WARN_BOOL_CONVERSION = YES;
				CLANG_WARN_CONSTANT_CONVERSION = YES;
				CLANG_WARN_DIRECT_OBJC_ISA_USAGE = YES_ERROR;
				CLANG_WARN_DOCUMENTATION_COMMENTS = YES;
				CLANG_WARN_EMPTY_BODY = YES;
				CLANG_WARN_ENUM_CONVERSION = YES;
				CLANG_WARN_INFINITE_RECURSION = YES;
				CLANG_WARN_INT_CONVERSION = YES;
				CLANG_WARN_OBJC_ROOT_CLASS = YES_ERROR;
				CLANG_WARN_SUSPICIOUS_MOVES = YES;
				CLANG_WARN_UNREACHABLE_CODE = YES;
				CLANG_WARN__DUPLICATE_METHOD_MATCH = YES;
				"CODE_SIGN_IDENTITY[sdk=iphoneos*]" = "iPhone Developer";
				COPY_PHASE_STRIP = NO;
				DEBUG_INFORMATION_FORMAT = dwarf;
				ENABLE_STRICT_OBJC_MSGSEND = YES;
				ENABLE_TESTABILITY = YES;
				GCC_C_LANGUAGE_STANDARD = gnu99;
				GCC_DYNAMIC_NO_PIC = NO;
				GCC_NO_COMMON_BLOCKS = YES;
				GCC_OPTIMIZATION_LEVEL = 0;
				GCC_PREPROCESSOR_DEFINITIONS = (
					"DEBUG=1",
					"$(inherited)",
				);
				GCC_WARN_64_TO_32_BIT_CONVERSION = YES;
				GCC_WARN_ABOUT_RETURN_TYPE = YES_ERROR;
				GCC_WARN_UNDECLARED_SELECTOR = YES;
				GCC_WARN_UNINITIALIZED_AUTOS = YES_AGGRESSIVE;
				GCC_WARN_UNUSED_FUNCTION = YES;
				GCC_WARN_UNUSED_VARIABLE = YES;
				IPHONEOS_DEPLOYMENT_TARGET = 10.0;
				MTL_ENABLE_DEBUG_INFO = YES;
				ONLY_ACTIVE_ARCH = YES;
				SDKROOT = iphoneos;
				SWIFT_ACTIVE_COMPILATION_CONDITIONS = DEBUG;
				SWIFT_OPTIMIZATION_LEVEL = "-Onone";
			};
			name = Debug;
		};
		C2D412821DA8187800570191 /* Release */ = {
			isa = XCBuildConfiguration;
			buildSettings = {
				ALWAYS_SEARCH_USER_PATHS = NO;
				CLANG_ANALYZER_NONNULL = YES;
				CLANG_CXX_LANGUAGE_STANDARD = "gnu++0x";
				CLANG_CXX_LIBRARY = "libc++";
				CLANG_ENABLE_MODULES = YES;
				CLANG_ENABLE_OBJC_ARC = YES;
				CLANG_WARN_BOOL_CONVERSION = YES;
				CLANG_WARN_CONSTANT_CONVERSION = YES;
				CLANG_WARN_DIRECT_OBJC_ISA_USAGE = YES_ERROR;
				CLANG_WARN_DOCUMENTATION_COMMENTS = YES;
				CLANG_WARN_EMPTY_BODY = YES;
				CLANG_WARN_ENUM_CONVERSION = YES;
				CLANG_WARN_INFINITE_RECURSION = YES;
				CLANG_WARN_INT_CONVERSION = YES;
				CLANG_WARN_OBJC_ROOT_CLASS = YES_ERROR;
				CLANG_WARN_SUSPICIOUS_MOVES = YES;
				CLANG_WARN_UNREACHABLE_CODE = YES;
				CLANG_WARN__DUPLICATE_METHOD_MATCH = YES;
				"CODE_SIGN_IDENTITY[sdk=iphoneos*]" = "iPhone Developer";
				COPY_PHASE_STRIP = NO;
				DEBUG_INFORMATION_FORMAT = "dwarf-with-dsym";
				ENABLE_NS_ASSERTIONS = NO;
				ENABLE_STRICT_OBJC_MSGSEND = YES;
				GCC_C_LANGUAGE_STANDARD = gnu99;
				GCC_NO_COMMON_BLOCKS = YES;
				GCC_WARN_64_TO_32_BIT_CONVERSION = YES;
				GCC_WARN_ABOUT_RETURN_TYPE = YES_ERROR;
				GCC_WARN_UNDECLARED_SELECTOR = YES;
				GCC_WARN_UNINITIALIZED_AUTOS = YES_AGGRESSIVE;
				GCC_WARN_UNUSED_FUNCTION = YES;
				GCC_WARN_UNUSED_VARIABLE = YES;
				IPHONEOS_DEPLOYMENT_TARGET = 10.0;
				MTL_ENABLE_DEBUG_INFO = NO;
				SDKROOT = iphoneos;
				SWIFT_OPTIMIZATION_LEVEL = "-Owholemodule";
				VALIDATE_PRODUCT = YES;
			};
			name = Release;
		};
		C2D412841DA8187800570191 /* Debug */ = {
			isa = XCBuildConfiguration;
			buildSettings = {
				ALWAYS_EMBED_SWIFT_STANDARD_LIBRARIES = YES;
				ASSETCATALOG_COMPILER_APPICON_NAME = AppIcon;
				DEVELOPMENT_TEAM = B3P48T2JW7;
				INFOPLIST_FILE = MyCustomKeyboard/Info.plist;
				LD_RUNPATH_SEARCH_PATHS = "$(inherited) @executable_path/Frameworks";
				PRODUCT_BUNDLE_IDENTIFIER = com.exygy.MyCustomKeyboard;
				PRODUCT_NAME = "$(TARGET_NAME)";
				SWIFT_VERSION = 3.0;
			};
			name = Debug;
		};
		C2D412851DA8187800570191 /* Release */ = {
			isa = XCBuildConfiguration;
			buildSettings = {
				ALWAYS_EMBED_SWIFT_STANDARD_LIBRARIES = YES;
				ASSETCATALOG_COMPILER_APPICON_NAME = AppIcon;
				DEVELOPMENT_TEAM = B3P48T2JW7;
				INFOPLIST_FILE = MyCustomKeyboard/Info.plist;
				LD_RUNPATH_SEARCH_PATHS = "$(inherited) @executable_path/Frameworks";
				PRODUCT_BUNDLE_IDENTIFIER = com.exygy.MyCustomKeyboard;
				PRODUCT_NAME = "$(TARGET_NAME)";
				SWIFT_VERSION = 3.0;
			};
			name = Release;
		};
		C2D412931DA8200700570191 /* Debug */ = {
			isa = XCBuildConfiguration;
			buildSettings = {
				DEVELOPMENT_TEAM = B3P48T2JW7;
				INFOPLIST_FILE = MyKeyboard/Info.plist;
				LD_RUNPATH_SEARCH_PATHS = "$(inherited) @executable_path/Frameworks @executable_path/../../Frameworks";
				PRODUCT_BUNDLE_IDENTIFIER = com.exygy.MyCustomKeyboard.MyKeyboard;
				PRODUCT_NAME = "$(TARGET_NAME)";
				SKIP_INSTALL = YES;
				SWIFT_VERSION = 3.0;
			};
			name = Debug;
		};
		C2D412941DA8200700570191 /* Release */ = {
			isa = XCBuildConfiguration;
			buildSettings = {
				DEVELOPMENT_TEAM = B3P48T2JW7;
				INFOPLIST_FILE = MyKeyboard/Info.plist;
				LD_RUNPATH_SEARCH_PATHS = "$(inherited) @executable_path/Frameworks @executable_path/../../Frameworks";
				PRODUCT_BUNDLE_IDENTIFIER = com.exygy.MyCustomKeyboard.MyKeyboard;
				PRODUCT_NAME = "$(TARGET_NAME)";
				SKIP_INSTALL = YES;
				SWIFT_VERSION = 3.0;
			};
			name = Release;
		};
/* End XCBuildConfiguration section */

/* Begin XCConfigurationList section */
		C2D4126C1DA8187700570191 /* Build configuration list for PBXProject "MyCustomKeyboard" */ = {
			isa = XCConfigurationList;
			buildConfigurations = (
				C2D412811DA8187800570191 /* Debug */,
				C2D412821DA8187800570191 /* Release */,
			);
			defaultConfigurationIsVisible = 0;
			defaultConfigurationName = Release;
		};
		C2D412831DA8187800570191 /* Build configuration list for PBXNativeTarget "MyCustomKeyboard" */ = {
			isa = XCConfigurationList;
			buildConfigurations = (
				C2D412841DA8187800570191 /* Debug */,
				C2D412851DA8187800570191 /* Release */,
			);
			defaultConfigurationIsVisible = 0;
			defaultConfigurationName = Release;
		};
		C2D412921DA8200700570191 /* Build configuration list for PBXNativeTarget "MyKeyboard" */ = {
			isa = XCConfigurationList;
			buildConfigurations = (
				C2D412931DA8200700570191 /* Debug */,
				C2D412941DA8200700570191 /* Release */,
			);
			defaultConfigurationIsVisible = 0;
			defaultConfigurationName = Release;
		};
/* End XCConfigurationList section */
	};
	rootObject = C2D412691DA8187700570191 /* Project object */;
}
